
Microsoft Visual Studio Solution File, Format Version 12.00
# Visual Studio Version 17
VisualStudioVersion = 17.5.002.0
MinimumVisualStudioVersion = 10.0.40219.1
Project("{9A19103F-16F7-4668-BE54-9A1E7A4F7556}") = "Examples001_HelloConsole", "Examples001_HelloConsole.csproj", "{38F0E75B-2169-484B-B136-1A4C28B9BB8F}"
EndProject
Global
	GlobalSection(SolutionConfigurationPlatforms) = preSolution
		Debug|Any CPU = Debug|Any CPU
		Release|Any CPU = Release|Any CPU
	EndGlobalSection
	GlobalSection(ProjectConfigurationPlatforms) = postSolution
		{38F0E75B-2169-484B-B136-1A4C28B9BB8F}.Debug|Any CPU.ActiveCfg = Debug|Any CPU
		{38F0E75B-2169-484B-B136-1A4C28B9BB8F}.Debug|Any CPU.Build.0 = Debug|Any CPU
		{38F0E75B-2169-484B-B136-1A4C28B9BB8F}.Release|Any CPU.ActiveCfg = Release|Any CPU
		{38F0E75B-2169-484B-B136-1A4C28B9BB8F}.Release|Any CPU.Build.0 = Release|Any CPU
	EndGlobalSection
	GlobalSection(SolutionProperties) = preSolution
		HideSolutionNode = FALSE
	EndGlobalSection
	GlobalSection(ExtensibilityGlobals) = postSolution
		SolutionGuid = {4716DB51-CA9A-4EFA-AEB2-EEBB6EB4928B}
	EndGlobalSection
EndGlobal
